
Microsoft Visual Studio Solution File, Format Version 12.00
# Visual Studio 14
VisualStudioVersion = 14.0.25420.1
MinimumVisualStudioVersion = 10.0.40219.1
Project("{FAE04EC0-301F-11D3-BF4B-00C04F79EFBC}") = "DataBasePart", "DataBasePart\DataBasePart.csproj", "{163D5D87-8804-439A-B7BA-FE3028C3A1EA}"
EndProject
Project("{FAE04EC0-301F-11D3-BF4B-00C04F79EFBC}") = "PresenterLibrary", "PresenterLibrary\PresenterLibrary.csproj", "{2C3E6C39-8363-4482-B160-3401A1C83059}"
EndProject
Project("{FAE04EC0-301F-11D3-BF4B-00C04F79EFBC}") = "ModelMVPDataBasePart", "ModelMVPDataBasePart\ModelMVPDataBasePart.csproj", "{6539F1E3-D4EF-4C38-BD73-2EBD48A36F4F}"
EndProject
Global
	GlobalSection(SolutionConfigurationPlatforms) = preSolution
		Debug|Any CPU = Debug|Any CPU
		Release|Any CPU = Release|Any CPU
	EndGlobalSection
	GlobalSection(ProjectConfigurationPlatforms) = postSolution
		{163D5D87-8804-439A-B7BA-FE3028C3A1EA}.Debug|Any CPU.ActiveCfg = Debug|Any CPU
		{163D5D87-8804-439A-B7BA-FE3028C3A1EA}.Debug|Any CPU.Build.0 = Debug|Any CPU
		{163D5D87-8804-439A-B7BA-FE3028C3A1EA}.Release|Any CPU.ActiveCfg = Release|Any CPU
		{163D5D87-8804-439A-B7BA-FE3028C3A1EA}.Release|Any CPU.Build.0 = Release|Any CPU
		{2C3E6C39-8363-4482-B160-3401A1C83059}.Debug|Any CPU.ActiveCfg = Debug|Any CPU
		{2C3E6C39-8363-4482-B160-3401A1C83059}.Debug|Any CPU.Build.0 = Debug|Any CPU
		{2C3E6C39-8363-4482-B160-3401A1C83059}.Release|Any CPU.ActiveCfg = Release|Any CPU
		{2C3E6C39-8363-4482-B160-3401A1C83059}.Release|Any CPU.Build.0 = Release|Any CPU
		{6539F1E3-D4EF-4C38-BD73-2EBD48A36F4F}.Debug|Any CPU.ActiveCfg = Debug|Any CPU
		{6539F1E3-D4EF-4C38-BD73-2EBD48A36F4F}.Debug|Any CPU.Build.0 = Debug|Any CPU
		{6539F1E3-D4EF-4C38-BD73-2EBD48A36F4F}.Release|Any CPU.ActiveCfg = Release|Any CPU
		{6539F1E3-D4EF-4C38-BD73-2EBD48A36F4F}.Release|Any CPU.Build.0 = Release|Any CPU
	EndGlobalSection
	GlobalSection(SolutionProperties) = preSolution
		HideSolutionNode = FALSE
	EndGlobalSection
EndGlobal
